// !$*UTF8*$!
{
	archiveVersion = 1;
	classes = {
	};
	objectVersion = 50;
	objects = {

/* Begin PBXBuildFile section */
		9C2BEF7825B5691B00F37236 /* AppDelegate.swift in Sources */ = {isa = PBXBuildFile; fileRef = 9C2BEF7725B5691B00F37236 /* AppDelegate.swift */; };
		9C2BEF7A25B5691B00F37236 /* SceneDelegate.swift in Sources */ = {isa = PBXBuildFile; fileRef = 9C2BEF7925B5691B00F37236 /* SceneDelegate.swift */; };
		9C2BEF7C25B5691B00F37236 /* ViewController.swift in Sources */ = {isa = PBXBuildFile; fileRef = 9C2BEF7B25B5691B00F37236 /* ViewController.swift */; };
		9C2BEF7F25B5691B00F37236 /* Main.storyboard in Resources */ = {isa = PBXBuildFile; fileRef = 9C2BEF7D25B5691B00F37236 /* Main.storyboard */; };
		9C2BEF8125B5692000F37236 /* Assets.xcassets in Resources */ = {isa = PBXBuildFile; fileRef = 9C2BEF8025B5692000F37236 /* Assets.xcassets */; };
		9C2BEF8425B5692000F37236 /* LaunchScreen.storyboard in Resources */ = {isa = PBXBuildFile; fileRef = 9C2BEF8225B5692000F37236 /* LaunchScreen.storyboard */; };
		9C2BEF8F25B5692100F37236 /* ElementQuizTests.swift in Sources */ = {isa = PBXBuildFile; fileRef = 9C2BEF8E25B5692100F37236 /* ElementQuizTests.swift */; };
		9C2BEF9A25B5692100F37236 /* ElementQuizUITests.swift in Sources */ = {isa = PBXBuildFile; fileRef = 9C2BEF9925B5692100F37236 /* ElementQuizUITests.swift */; };
/* End PBXBuildFile section */

/* Begin PBXContainerItemProxy section */
		9C2BEF8B25B5692100F37236 /* PBXContainerItemProxy */ = {
			isa = PBXContainerItemProxy;
			containerPortal = 9C2BEF6C25B5691B00F37236 /* Project object */;
			proxyType = 1;
			remoteGlobalIDString = 9C2BEF7325B5691B00F37236;
			remoteInfo = ElementQuiz;
		};
		9C2BEF9625B5692100F37236 /* PBXContainerItemProxy */ = {
			isa = PBXContainerItemProxy;
			containerPortal = 9C2BEF6C25B5691B00F37236 /* Project object */;
			proxyType = 1;
			remoteGlobalIDString = 9C2BEF7325B5691B00F37236;
			remoteInfo = ElementQuiz;
		};
/* End PBXContainerItemProxy section */

/* Begin PBXFileReference section */
		9C2BEF7425B5691B00F37236 /* ElementQuiz.app */ = {isa = PBXFileReference; explicitFileType = wrapper.application; includeInIndex = 0; path = ElementQuiz.app; sourceTree = BUILT_PRODUCTS_DIR; };
		9C2BEF7725B5691B00F37236 /* AppDelegate.swift */ = {isa = PBXFileReference; lastKnownFileType = sourcecode.swift; path = AppDelegate.swift; sourceTree = "<group>"; };
		9C2BEF7925B5691B00F37236 /* SceneDelegate.swift */ = {isa = PBXFileReference; lastKnownFileType = sourcecode.swift; path = SceneDelegate.swift; sourceTree = "<group>"; };
		9C2BEF7B25B5691B00F37236 /* ViewController.swift */ = {isa = PBXFileReference; lastKnownFileType = sourcecode.swift; path = ViewController.swift; sourceTree = "<group>"; };
		9C2BEF7E25B5691B00F37236 /* Base */ = {isa = PBXFileReference; lastKnownFileType = file.storyboard; name = Base; path = Base.lproj/Main.storyboard; sourceTree = "<group>"; };
		9C2BEF8025B5692000F37236 /* Assets.xcassets */ = {isa = PBXFileReference; lastKnownFileType = folder.assetcatalog; path = Assets.xcassets; sourceTree = "<group>"; };
		9C2BEF8325B5692000F37236 /* Base */ = {isa = PBXFileReference; lastKnownFileType = file.storyboard; name = Base; path = Base.lproj/LaunchScreen.storyboard; sourceTree = "<group>"; };
		9C2BEF8525B5692000F37236 /* Info.plist */ = {isa = PBXFileReference; lastKnownFileType = text.plist.xml; path = Info.plist; sourceTree = "<group>"; };
		9C2BEF8A25B5692100F37236 /* ElementQuizTests.xctest */ = {isa = PBXFileReference; explicitFileType = wrapper.cfbundle; includeInIndex = 0; path = ElementQuizTests.xctest; sourceTree = BUILT_PRODUCTS_DIR; };
		9C2BEF8E25B5692100F37236 /* ElementQuizTests.swift */ = {isa = PBXFileReference; lastKnownFileType = sourcecode.swift; path = ElementQuizTests.swift; sourceTree = "<group>"; };
		9C2BEF9025B5692100F37236 /* Info.plist */ = {isa = PBXFileReference; lastKnownFileType = text.plist.xml; path = Info.plist; sourceTree = "<group>"; };
		9C2BEF9525B5692100F37236 /* ElementQuizUITests.xctest */ = {isa = PBXFileReference; explicitFileType = wrapper.cfbundle; includeInIndex = 0; path = ElementQuizUITests.xctest; sourceTree = BUILT_PRODUCTS_DIR; };
		9C2BEF9925B5692100F37236 /* ElementQuizUITests.swift */ = {isa = PBXFileReference; lastKnownFileType = sourcecode.swift; path = ElementQuizUITests.swift; sourceTree = "<group>"; };
		9C2BEF9B25B5692100F37236 /* Info.plist */ = {isa = PBXFileReference; lastKnownFileType = text.plist.xml; path = Info.plist; sourceTree = "<group>"; };
/* End PBXFileReference section */

/* Begin PBXFrameworksBuildPhase section */
		9C2BEF7125B5691B00F37236 /* Frameworks */ = {
			isa = PBXFrameworksBuildPhase;
			buildActionMask = 2147483647;
			files = (
			);
			runOnlyForDeploymentPostprocessing = 0;
		};
		9C2BEF8725B5692100F37236 /* Frameworks */ = {
			isa = PBXFrameworksBuildPhase;
			buildActionMask = 2147483647;
			files = (
			);
			runOnlyForDeploymentPostprocessing = 0;
		};
		9C2BEF9225B5692100F37236 /* Frameworks */ = {
			isa = PBXFrameworksBuildPhase;
			buildActionMask = 2147483647;
			files = (
			);
			runOnlyForDeploymentPostprocessing = 0;
		};
/* End PBXFrameworksBuildPhase section */

/* Begin PBXGroup section */
		9C2BEF6B25B5691B00F37236 = {
			isa = PBXGroup;
			children = (
				9C2BEF7625B5691B00F37236 /* ElementQuiz */,
				9C2BEF8D25B5692100F37236 /* ElementQuizTests */,
				9C2BEF9825B5692100F37236 /* ElementQuizUITests */,
				9C2BEF7525B5691B00F37236 /* Products */,
			);
			sourceTree = "<group>";
		};
		9C2BEF7525B5691B00F37236 /* Products */ = {
			isa = PBXGroup;
			children = (
				9C2BEF7425B5691B00F37236 /* ElementQuiz.app */,
				9C2BEF8A25B5692100F37236 /* ElementQuizTests.xctest */,
				9C2BEF9525B5692100F37236 /* ElementQuizUITests.xctest */,
			);
			name = Products;
			sourceTree = "<group>";
		};
		9C2BEF7625B5691B00F37236 /* ElementQuiz */ = {
			isa = PBXGroup;
			children = (
				9C2BEF7725B5691B00F37236 /* AppDelegate.swift */,
				9C2BEF7925B5691B00F37236 /* SceneDelegate.swift */,
				9C2BEF7B25B5691B00F37236 /* ViewController.swift */,
				9C2BEF7D25B5691B00F37236 /* Main.storyboard */,
				9C2BEF8025B5692000F37236 /* Assets.xcassets */,
				9C2BEF8225B5692000F37236 /* LaunchScreen.storyboard */,
				9C2BEF8525B5692000F37236 /* Info.plist */,
			);
			path = ElementQuiz;
			sourceTree = "<group>";
		};
		9C2BEF8D25B5692100F37236 /* ElementQuizTests */ = {
			isa = PBXGroup;
			children = (
				9C2BEF8E25B5692100F37236 /* ElementQuizTests.swift */,
				9C2BEF9025B5692100F37236 /* Info.plist */,
			);
			path = ElementQuizTests;
			sourceTree = "<group>";
		};
		9C2BEF9825B5692100F37236 /* ElementQuizUITests */ = {
			isa = PBXGroup;
			children = (
				9C2BEF9925B5692100F37236 /* ElementQuizUITests.swift */,
				9C2BEF9B25B5692100F37236 /* Info.plist */,
			);
			path = ElementQuizUITests;
			sourceTree = "<group>";
		};
/* End PBXGroup section */

/* Begin PBXNativeTarget section */
		9C2BEF7325B5691B00F37236 /* ElementQuiz */ = {
			isa = PBXNativeTarget;
			buildConfigurationList = 9C2BEF9E25B5692100F37236 /* Build configuration list for PBXNativeTarget "ElementQuiz" */;
			buildPhases = (
				9C2BEF7025B5691B00F37236 /* Sources */,
				9C2BEF7125B5691B00F37236 /* Frameworks */,
				9C2BEF7225B5691B00F37236 /* Resources */,
			);
			buildRules = (
			);
			dependencies = (
			);
			name = ElementQuiz;
			productName = ElementQuiz;
			productReference = 9C2BEF7425B5691B00F37236 /* ElementQuiz.app */;
			productType = "com.apple.product-type.application";
		};
		9C2BEF8925B5692100F37236 /* ElementQuizTests */ = {
			isa = PBXNativeTarget;
			buildConfigurationList = 9C2BEFA125B5692100F37236 /* Build configuration list for PBXNativeTarget "ElementQuizTests" */;
			buildPhases = (
				9C2BEF8625B5692100F37236 /* Sources */,
				9C2BEF8725B5692100F37236 /* Frameworks */,
				9C2BEF8825B5692100F37236 /* Resources */,
			);
			buildRules = (
			);
			dependencies = (
				9C2BEF8C25B5692100F37236 /* PBXTargetDependency */,
			);
			name = ElementQuizTests;
			productName = ElementQuizTests;
			productReference = 9C2BEF8A25B5692100F37236 /* ElementQuizTests.xctest */;
			productType = "com.apple.product-type.bundle.unit-test";
		};
		9C2BEF9425B5692100F37236 /* ElementQuizUITests */ = {
			isa = PBXNativeTarget;
			buildConfigurationList = 9C2BEFA425B5692100F37236 /* Build configuration list for PBXNativeTarget "ElementQuizUITests" */;
			buildPhases = (
				9C2BEF9125B5692100F37236 /* Sources */,
				9C2BEF9225B5692100F37236 /* Frameworks */,
				9C2BEF9325B5692100F37236 /* Resources */,
			);
			buildRules = (
			);
			dependencies = (
				9C2BEF9725B5692100F37236 /* PBXTargetDependency */,
			);
			name = ElementQuizUITests;
			productName = ElementQuizUITests;
			productReference = 9C2BEF9525B5692100F37236 /* ElementQuizUITests.xctest */;
			productType = "com.apple.product-type.bundle.ui-testing";
		};
/* End PBXNativeTarget section */

/* Begin PBXProject section */
		9C2BEF6C25B5691B00F37236 /* Project object */ = {
			isa = PBXProject;
			attributes = {
				LastSwiftUpdateCheck = 1220;
				LastUpgradeCheck = 1220;
				TargetAttributes = {
					9C2BEF7325B5691B00F37236 = {
						CreatedOnToolsVersion = 12.2;
					};
					9C2BEF8925B5692100F37236 = {
						CreatedOnToolsVersion = 12.2;
						TestTargetID = 9C2BEF7325B5691B00F37236;
					};
					9C2BEF9425B5692100F37236 = {
						CreatedOnToolsVersion = 12.2;
						TestTargetID = 9C2BEF7325B5691B00F37236;
					};
				};
			};
			buildConfigurationList = 9C2BEF6F25B5691B00F37236 /* Build configuration list for PBXProject "ElementQuiz" */;
			compatibilityVersion = "Xcode 9.3";
			developmentRegion = en;
			hasScannedForEncodings = 0;
			knownRegions = (
				en,
				Base,
			);
			mainGroup = 9C2BEF6B25B5691B00F37236;
			productRefGroup = 9C2BEF7525B5691B00F37236 /* Products */;
			projectDirPath = "";
			projectRoot = "";
			targets = (
				9C2BEF7325B5691B00F37236 /* ElementQuiz */,
				9C2BEF8925B5692100F37236 /* ElementQuizTests */,
				9C2BEF9425B5692100F37236 /* ElementQuizUITests */,
			);
		};
/* End PBXProject section */

/* Begin PBXResourcesBuildPhase section */
		9C2BEF7225B5691B00F37236 /* Resources */ = {
			isa = PBXResourcesBuildPhase;
			buildActionMask = 2147483647;
			files = (
				9C2BEF8425B5692000F37236 /* LaunchScreen.storyboard in Resources */,
				9C2BEF8125B5692000F37236 /* Assets.xcassets in Resources */,
				9C2BEF7F25B5691B00F37236 /* Main.storyboard in Resources */,
			);
			runOnlyForDeploymentPostprocessing = 0;
		};
		9C2BEF8825B5692100F37236 /* Resources */ = {
			isa = PBXResourcesBuildPhase;
			buildActionMask = 2147483647;
			files = (
			);
			runOnlyForDeploymentPostprocessing = 0;
		};
		9C2BEF9325B5692100F37236 /* Resources */ = {
			isa = PBXResourcesBuildPhase;
			buildActionMask = 2147483647;
			files = (
			);
			runOnlyForDeploymentPostprocessing = 0;
		};
/* End PBXResourcesBuildPhase section */

/* Begin PBXSourcesBuildPhase section */
		9C2BEF7025B5691B00F37236 /* Sources */ = {
			isa = PBXSourcesBuildPhase;
			buildActionMask = 2147483647;
			files = (
				9C2BEF7C25B5691B00F37236 /* ViewController.swift in Sources */,
				9C2BEF7825B5691B00F37236 /* AppDelegate.swift in Sources */,
				9C2BEF7A25B5691B00F37236 /* SceneDelegate.swift in Sources */,
			);
			runOnlyForDeploymentPostprocessing = 0;
		};
		9C2BEF8625B5692100F37236 /* Sources */ = {
			isa = PBXSourcesBuildPhase;
			buildActionMask = 2147483647;
			files = (
				9C2BEF8F25B5692100F37236 /* ElementQuizTests.swift in Sources */,
			);
			runOnlyForDeploymentPostprocessing = 0;
		};
		9C2BEF9125B5692100F37236 /* Sources */ = {
			isa = PBXSourcesBuildPhase;
			buildActionMask = 2147483647;
			files = (
				9C2BEF9A25B5692100F37236 /* ElementQuizUITests.swift in Sources */,
			);
			runOnlyForDeploymentPostprocessing = 0;
		};
/* End PBXSourcesBuildPhase section */

/* Begin PBXTargetDependency section */
		9C2BEF8C25B5692100F37236 /* PBXTargetDependency */ = {
			isa = PBXTargetDependency;
			target = 9C2BEF7325B5691B00F37236 /* ElementQuiz */;
			targetProxy = 9C2BEF8B25B5692100F37236 /* PBXContainerItemProxy */;
		};
		9C2BEF9725B5692100F37236 /* PBXTargetDependency */ = {
			isa = PBXTargetDependency;
			target = 9C2BEF7325B5691B00F37236 /* ElementQuiz */;
			targetProxy = 9C2BEF9625B5692100F37236 /* PBXContainerItemProxy */;
		};
/* End PBXTargetDependency section */

/* Begin PBXVariantGroup section */
		9C2BEF7D25B5691B00F37236 /* Main.storyboard */ = {
			isa = PBXVariantGroup;
			children = (
				9C2BEF7E25B5691B00F37236 /* Base */,
			);
			name = Main.storyboard;
			sourceTree = "<group>";
		};
		9C2BEF8225B5692000F37236 /* LaunchScreen.storyboard */ = {
			isa = PBXVariantGroup;
			children = (
				9C2BEF8325B5692000F37236 /* Base */,
			);
			name = LaunchScreen.storyboard;
			sourceTree = "<group>";
		};
/* End PBXVariantGroup section */

/* Begin XCBuildConfiguration section */
		9C2BEF9C25B5692100F37236 /* Debug */ = {
			isa = XCBuildConfiguration;
			buildSettings = {
				ALWAYS_SEARCH_USER_PATHS = NO;
				CLANG_ANALYZER_NONNULL = YES;
				CLANG_ANALYZER_NUMBER_OBJECT_CONVERSION = YES_AGGRESSIVE;
				CLANG_CXX_LANGUAGE_STANDARD = "gnu++14";
				CLANG_CXX_LIBRARY = "libc++";
				CLANG_ENABLE_MODULES = YES;
				CLANG_ENABLE_OBJC_ARC = YES;
				CLANG_ENABLE_OBJC_WEAK = YES;
				CLANG_WARN_BLOCK_CAPTURE_AUTORELEASING = YES;
				CLANG_WARN_BOOL_CONVERSION = YES;
				CLANG_WARN_COMMA = YES;
				CLANG_WARN_CONSTANT_CONVERSION = YES;
				CLANG_WARN_DEPRECATED_OBJC_IMPLEMENTATIONS = YES;
				CLANG_WARN_DIRECT_OBJC_ISA_USAGE = YES_ERROR;
				CLANG_WARN_DOCUMENTATION_COMMENTS = YES;
				CLANG_WARN_EMPTY_BODY = YES;
				CLANG_WARN_ENUM_CONVERSION = YES;
				CLANG_WARN_INFINITE_RECURSION = YES;
				CLANG_WARN_INT_CONVERSION = YES;
				CLANG_WARN_NON_LITERAL_NULL_CONVERSION = YES;
				CLANG_WARN_OBJC_IMPLICIT_RETAIN_SELF = YES;
				CLANG_WARN_OBJC_LITERAL_CONVERSION = YES;
				CLANG_WARN_OBJC_ROOT_CLASS = YES_ERROR;
				CLANG_WARN_QUOTED_INCLUDE_IN_FRAMEWORK_HEADER = YES;
				CLANG_WARN_RANGE_LOOP_ANALYSIS = YES;
				CLANG_WARN_STRICT_PROTOTYPES = YES;
				CLANG_WARN_SUSPICIOUS_MOVE = YES;
				CLANG_WARN_UNGUARDED_AVAILABILITY = YES_AGGRESSIVE;
				CLANG_WARN_UNREACHABLE_CODE = YES;
				CLANG_WARN__DUPLICATE_METHOD_MATCH = YES;
				COPY_PHASE_STRIP = NO;
				DEBUG_INFORMATION_FORMAT = dwarf;
				ENABLE_STRICT_OBJC_MSGSEND = YES;
				ENABLE_TESTABILITY = YES;
				GCC_C_LANGUAGE_STANDARD = gnu11;
				GCC_DYNAMIC_NO_PIC = NO;
				GCC_NO_COMMON_BLOCKS = YES;
				GCC_OPTIMIZATION_LEVEL = 0;
				GCC_PREPROCESSOR_DEFINITIONS = (
					"DEBUG=1",
					"$(inherited)",
				);
				GCC_WARN_64_TO_32_BIT_CONVERSION = YES;
				GCC_WARN_ABOUT_RETURN_TYPE = YES_ERROR;
				GCC_WARN_UNDECLARED_SELECTOR = YES;
				GCC_WARN_UNINITIALIZED_AUTOS = YES_AGGRESSIVE;
				GCC_WARN_UNUSED_FUNCTION = YES;
				GCC_WARN_UNUSED_VARIABLE = YES;
				IPHONEOS_DEPLOYMENT_TARGET = 14.2;
				MTL_ENABLE_DEBUG_INFO = INCLUDE_SOURCE;
				MTL_FAST_MATH = YES;
				ONLY_ACTIVE_ARCH = YES;
				SDKROOT = iphoneos;
				SWIFT_ACTIVE_COMPILATION_CONDITIONS = DEBUG;
				SWIFT_OPTIMIZATION_LEVEL = "-Onone";
			};
			name = Debug;
		};
		9C2BEF9D25B5692100F37236 /* Release */ = {
			isa = XCBuildConfiguration;
			buildSettings = {
				ALWAYS_SEARCH_USER_PATHS = NO;
				CLANG_ANALYZER_NONNULL = YES;
				CLANG_ANALYZER_NUMBER_OBJECT_CONVERSION = YES_AGGRESSIVE;
				CLANG_CXX_LANGUAGE_STANDARD = "gnu++14";
				CLANG_CXX_LIBRARY = "libc++";
				CLANG_ENABLE_MODULES = YES;
				CLANG_ENABLE_OBJC_ARC = YES;
				CLANG_ENABLE_OBJC_WEAK = YES;
				CLANG_WARN_BLOCK_CAPTURE_AUTORELEASING = YES;
				CLANG_WARN_BOOL_CONVERSION = YES;
				CLANG_WARN_COMMA = YES;
				CLANG_WARN_CONSTANT_CONVERSION = YES;
				CLANG_WARN_DEPRECATED_OBJC_IMPLEMENTATIONS = YES;
				CLANG_WARN_DIRECT_OBJC_ISA_USAGE = YES_ERROR;
				CLANG_WARN_DOCUMENTATION_COMMENTS = YES;
				CLANG_WARN_EMPTY_BODY = YES;
				CLANG_WARN_ENUM_CONVERSION = YES;
				CLANG_WARN_INFINITE_RECURSION = YES;
				CLANG_WARN_INT_CONVERSION = YES;
				CLANG_WARN_NON_LITERAL_NULL_CONVERSION = YES;
				CLANG_WARN_OBJC_IMPLICIT_RETAIN_SELF = YES;
				CLANG_WARN_OBJC_LITERAL_CONVERSION = YES;
				CLANG_WARN_OBJC_ROOT_CLASS = YES_ERROR;
				CLANG_WARN_QUOTED_INCLUDE_IN_FRAMEWORK_HEADER = YES;
				CLANG_WARN_RANGE_LOOP_ANALYSIS = YES;
				CLANG_WARN_STRICT_PROTOTYPES = YES;
				CLANG_WARN_SUSPICIOUS_MOVE = YES;
				CLANG_WARN_UNGUARDED_AVAILABILITY = YES_AGGRESSIVE;
				CLANG_WARN_UNREACHABLE_CODE = YES;
				CLANG_WARN__DUPLICATE_METHOD_MATCH = YES;
				COPY_PHASE_STRIP = NO;
				DEBUG_INFORMATION_FORMAT = "dwarf-with-dsym";
				ENABLE_NS_ASSERTIONS = NO;
				ENABLE_STRICT_OBJC_MSGSEND = YES;
				GCC_C_LANGUAGE_STANDARD = gnu11;
				GCC_NO_COMMON_BLOCKS = YES;
				GCC_WARN_64_TO_32_BIT_CONVERSION = YES;
				GCC_WARN_ABOUT_RETURN_TYPE = YES_ERROR;
				GCC_WARN_UNDECLARED_SELECTOR = YES;
				GCC_WARN_UNINITIALIZED_AUTOS = YES_AGGRESSIVE;
				GCC_WARN_UNUSED_FUNCTION = YES;
				GCC_WARN_UNUSED_VARIABLE = YES;
				IPHONEOS_DEPLOYMENT_TARGET = 14.2;
				MTL_ENABLE_DEBUG_INFO = NO;
				MTL_FAST_MATH = YES;
				SDKROOT = iphoneos;
				SWIFT_COMPILATION_MODE = wholemodule;
				SWIFT_OPTIMIZATION_LEVEL = "-O";
				VALIDATE_PRODUCT = YES;
			};
			name = Release;
		};
		9C2BEF9F25B5692100F37236 /* Debug */ = {
			isa = XCBuildConfiguration;
			buildSettings = {
				ASSETCATALOG_COMPILER_APPICON_NAME = AppIcon;
				ASSETCATALOG_COMPILER_GLOBAL_ACCENT_COLOR_NAME = AccentColor;
				CODE_SIGN_STYLE = Automatic;
				INFOPLIST_FILE = ElementQuiz/Info.plist;
				LD_RUNPATH_SEARCH_PATHS = (
					"$(inherited)",
					"@executable_path/Frameworks",
				);
				PRODUCT_BUNDLE_IDENTIFIER = com.example.ElementQuiz;
				PRODUCT_NAME = "$(TARGET_NAME)";
				SWIFT_VERSION = 5.0;
				TARGETED_DEVICE_FAMILY = "1,2";
			};
			name = Debug;
		};
		9C2BEFA025B5692100F37236 /* Release */ = {
			isa = XCBuildConfiguration;
			buildSettings = {
				ASSETCATALOG_COMPILER_APPICON_NAME = AppIcon;
				ASSETCATALOG_COMPILER_GLOBAL_ACCENT_COLOR_NAME = AccentColor;
				CODE_SIGN_STYLE = Automatic;
				INFOPLIST_FILE = ElementQuiz/Info.plist;
				LD_RUNPATH_SEARCH_PATHS = (
					"$(inherited)",
					"@executable_path/Frameworks",
				);
				PRODUCT_BUNDLE_IDENTIFIER = com.example.ElementQuiz;
				PRODUCT_NAME = "$(TARGET_NAME)";
				SWIFT_VERSION = 5.0;
				TARGETED_DEVICE_FAMILY = "1,2";
			};
			name = Release;
		};
		9C2BEFA225B5692100F37236 /* Debug */ = {
			isa = XCBuildConfiguration;
			buildSettings = {
				ALWAYS_EMBED_SWIFT_STANDARD_LIBRARIES = YES;
				BUNDLE_LOADER = "$(TEST_HOST)";
				CODE_SIGN_STYLE = Automatic;
				INFOPLIST_FILE = ElementQuizTests/Info.plist;
				IPHONEOS_DEPLOYMENT_TARGET = 14.2;
				LD_RUNPATH_SEARCH_PATHS = (
					"$(inherited)",
					"@executable_path/Frameworks",
					"@loader_path/Frameworks",
				);
				PRODUCT_BUNDLE_IDENTIFIER = com.example.ElementQuizTests;
				PRODUCT_NAME = "$(TARGET_NAME)";
				SWIFT_VERSION = 5.0;
				TARGETED_DEVICE_FAMILY = "1,2";
				TEST_HOST = "$(BUILT_PRODUCTS_DIR)/ElementQuiz.app/ElementQuiz";
			};
			name = Debug;
		};
		9C2BEFA325B5692100F37236 /* Release */ = {
			isa = XCBuildConfiguration;
			buildSettings = {
				ALWAYS_EMBED_SWIFT_STANDARD_LIBRARIES = YES;
				BUNDLE_LOADER = "$(TEST_HOST)";
				CODE_SIGN_STYLE = Automatic;
				INFOPLIST_FILE = ElementQuizTests/Info.plist;
				IPHONEOS_DEPLOYMENT_TARGET = 14.2;
				LD_RUNPATH_SEARCH_PATHS = (
					"$(inherited)",
					"@executable_path/Frameworks",
					"@loader_path/Frameworks",
				);
				PRODUCT_BUNDLE_IDENTIFIER = com.example.ElementQuizTests;
				PRODUCT_NAME = "$(TARGET_NAME)";
				SWIFT_VERSION = 5.0;
				TARGETED_DEVICE_FAMILY = "1,2";
				TEST_HOST = "$(BUILT_PRODUCTS_DIR)/ElementQuiz.app/ElementQuiz";
			};
			name = Release;
		};
		9C2BEFA525B5692100F37236 /* Debug */ = {
			isa = XCBuildConfiguration;
			buildSettings = {
				ALWAYS_EMBED_SWIFT_STANDARD_LIBRARIES = YES;
				CODE_SIGN_STYLE = Automatic;
				INFOPLIST_FILE = ElementQuizUITests/Info.plist;
				LD_RUNPATH_SEARCH_PATHS = (
					"$(inherited)",
					"@executable_path/Frameworks",
					"@loader_path/Frameworks",
				);
				PRODUCT_BUNDLE_IDENTIFIER = com.example.ElementQuizUITests;
				PRODUCT_NAME = "$(TARGET_NAME)";
				SWIFT_VERSION = 5.0;
				TARGETED_DEVICE_FAMILY = "1,2";
				TEST_TARGET_NAME = ElementQuiz;
			};
			name = Debug;
		};
		9C2BEFA625B5692100F37236 /* Release */ = {
			isa = XCBuildConfiguration;
			buildSettings = {
				ALWAYS_EMBED_SWIFT_STANDARD_LIBRARIES = YES;
				CODE_SIGN_STYLE = Automatic;
				INFOPLIST_FILE = ElementQuizUITests/Info.plist;
				LD_RUNPATH_SEARCH_PATHS = (
					"$(inherited)",
					"@executable_path/Frameworks",
					"@loader_path/Frameworks",
				);
				PRODUCT_BUNDLE_IDENTIFIER = com.example.ElementQuizUITests;
				PRODUCT_NAME = "$(TARGET_NAME)";
				SWIFT_VERSION = 5.0;
				TARGETED_DEVICE_FAMILY = "1,2";
				TEST_TARGET_NAME = ElementQuiz;
			};
			name = Release;
		};
/* End XCBuildConfiguration section */

/* Begin XCConfigurationList section */
		9C2BEF6F25B5691B00F37236 /* Build configuration list for PBXProject "ElementQuiz" */ = {
			isa = XCConfigurationList;
			buildConfigurations = (
				9C2BEF9C25B5692100F37236 /* Debug */,
				9C2BEF9D25B5692100F37236 /* Release */,
			);
			defaultConfigurationIsVisible = 0;
			defaultConfigurationName = Release;
		};
		9C2BEF9E25B5692100F37236 /* Build configuration list for PBXNativeTarget "ElementQuiz" */ = {
			isa = XCConfigurationList;
			buildConfigurations = (
				9C2BEF9F25B5692100F37236 /* Debug */,
				9C2BEFA025B5692100F37236 /* Release */,
			);
			defaultConfigurationIsVisible = 0;
			defaultConfigurationName = Release;
		};
		9C2BEFA125B5692100F37236 /* Build configuration list for PBXNativeTarget "ElementQuizTests" */ = {
			isa = XCConfigurationList;
			buildConfigurations = (
				9C2BEFA225B5692100F37236 /* Debug */,
				9C2BEFA325B5692100F37236 /* Release */,
			);
			defaultConfigurationIsVisible = 0;
			defaultConfigurationName = Release;
		};
		9C2BEFA425B5692100F37236 /* Build configuration list for PBXNativeTarget "ElementQuizUITests" */ = {
			isa = XCConfigurationList;
			buildConfigurations = (
				9C2BEFA525B5692100F37236 /* Debug */,
				9C2BEFA625B5692100F37236 /* Release */,
			);
			defaultConfigurationIsVisible = 0;
			defaultConfigurationName = Release;
		};
/* End XCConfigurationList section */
	};
	rootObject = 9C2BEF6C25B5691B00F37236 /* Project object */;
}
